
Microsoft Visual Studio Solution File, Format Version 12.00
# Visual Studio Version 17
VisualStudioVersion = 17.3.32825.248
MinimumVisualStudioVersion = 10.0.40219.1
Project("{FAE04EC0-301F-11D3-BF4B-00C04F79EFBC}") = "k190354_Q3", "k190354_Q3\k190354_Q3.csproj", "{A105AA85-2E89-4452-8A98-CE6CFA4A2140}"
EndProject
Global
	GlobalSection(SolutionConfigurationPlatforms) = preSolution
		Debug|Any CPU = Debug|Any CPU
		Release|Any CPU = Release|Any CPU
	EndGlobalSection
	GlobalSection(ProjectConfigurationPlatforms) = postSolution
		{A105AA85-2E89-4452-8A98-CE6CFA4A2140}.Debug|Any CPU.ActiveCfg = Debug|Any CPU
		{A105AA85-2E89-4452-8A98-CE6CFA4A2140}.Debug|Any CPU.Build.0 = Debug|Any CPU
		{A105AA85-2E89-4452-8A98-CE6CFA4A2140}.Release|Any CPU.ActiveCfg = Release|Any CPU
		{A105AA85-2E89-4452-8A98-CE6CFA4A2140}.Release|Any CPU.Build.0 = Release|Any CPU
	EndGlobalSection
	GlobalSection(SolutionProperties) = preSolution
		HideSolutionNode = FALSE
	EndGlobalSection
	GlobalSection(ExtensibilityGlobals) = postSolution
		SolutionGuid = {5A98FD4B-5C09-4A00-A072-5A4A83BA2B94}
	EndGlobalSection
EndGlobal
