
Microsoft Visual Studio Solution File, Format Version 12.00
# Visual Studio Version 17
VisualStudioVersion = 17.3.32825.248
MinimumVisualStudioVersion = 10.0.40219.1
Project("{FAE04EC0-301F-11D3-BF4B-00C04F79EFBC}") = "k190354_A1_Q4", "k190354_A1_Q4\k190354_A1_Q4.csproj", "{E4C553A2-759D-4307-B6B1-08847DE083B3}"
EndProject
Global
	GlobalSection(SolutionConfigurationPlatforms) = preSolution
		Debug|Any CPU = Debug|Any CPU
		Release|Any CPU = Release|Any CPU
	EndGlobalSection
	GlobalSection(ProjectConfigurationPlatforms) = postSolution
		{E4C553A2-759D-4307-B6B1-08847DE083B3}.Debug|Any CPU.ActiveCfg = Debug|Any CPU
		{E4C553A2-759D-4307-B6B1-08847DE083B3}.Debug|Any CPU.Build.0 = Debug|Any CPU
		{E4C553A2-759D-4307-B6B1-08847DE083B3}.Release|Any CPU.ActiveCfg = Release|Any CPU
		{E4C553A2-759D-4307-B6B1-08847DE083B3}.Release|Any CPU.Build.0 = Release|Any CPU
	EndGlobalSection
	GlobalSection(SolutionProperties) = preSolution
		HideSolutionNode = FALSE
	EndGlobalSection
	GlobalSection(ExtensibilityGlobals) = postSolution
		SolutionGuid = {0F3A6623-5264-40BD-91A6-41E84824BA6F}
	EndGlobalSection
EndGlobal
